
Microsoft Visual Studio Solution File, Format Version 12.00
# Visual Studio 15
VisualStudioVersion = 15.0.28307.438
MinimumVisualStudioVersion = 10.0.40219.1
Project("{8BC9CEB8-8B4A-11D0-8D11-00A0C91BC942}") = "ZTE_competition", "ZTE_competition\ZTE_competition.vcxproj", "{07B40290-2CAA-402F-A132-076A0906EA46}"
EndProject
Global
	GlobalSection(SolutionConfigurationPlatforms) = preSolution
		Debug|x64 = Debug|x64
		Debug|x86 = Debug|x86
		Release|x64 = Release|x64
		Release|x86 = Release|x86
	EndGlobalSection
	GlobalSection(ProjectConfigurationPlatforms) = postSolution
		{07B40290-2CAA-402F-A132-076A0906EA46}.Debug|x64.ActiveCfg = Debug|x64
		{07B40290-2CAA-402F-A132-076A0906EA46}.Debug|x64.Build.0 = Debug|x64
		{07B40290-2CAA-402F-A132-076A0906EA46}.Debug|x86.ActiveCfg = Debug|Win32
		{07B40290-2CAA-402F-A132-076A0906EA46}.Debug|x86.Build.0 = Debug|Win32
		{07B40290-2CAA-402F-A132-076A0906EA46}.Release|x64.ActiveCfg = Release|x64
		{07B40290-2CAA-402F-A132-076A0906EA46}.Release|x64.Build.0 = Release|x64
		{07B40290-2CAA-402F-A132-076A0906EA46}.Release|x86.ActiveCfg = Release|Win32
		{07B40290-2CAA-402F-A132-076A0906EA46}.Release|x86.Build.0 = Release|Win32
	EndGlobalSection
	GlobalSection(SolutionProperties) = preSolution
		HideSolutionNode = FALSE
	EndGlobalSection
	GlobalSection(ExtensibilityGlobals) = postSolution
		SolutionGuid = {9832C801-676E-484B-AFEA-5C9BC86B1F6A}
	EndGlobalSection
EndGlobal
